// !$*UTF8*$!
{
	archiveVersion = 1;
	classes = {
	};
	objectVersion = 77;
	objects = {

/* Begin PBXBuildFile section */
		04B4E78C06B1EF285A0AB031 /* AppIcon.icon in Resources */ = {isa = PBXBuildFile; fileRef = CB3A510BDFDAFFD611E9B125 /* AppIcon.icon */; };
		0EB68F764A04F4242932FFF5 /* XcodeMCPServicing.swift in Sources */ = {isa = PBXBuildFile; fileRef = 7B38E01624709212E86038F4 /* XcodeMCPServicing.swift */; };
		1AC09304629F5DEF9F0C75F0 /* XcodeMCPClient.swift in Sources */ = {isa = PBXBuildFile; fileRef = 6C6551876187402FC9FAE244 /* XcodeMCPClient.swift */; };
		1DD5D2A1E1E1E6558EE72DDA /* XcodeProject.swift in Sources */ = {isa = PBXBuildFile; fileRef = E08A6CBD9D92EFF246596AFE /* XcodeProject.swift */; };
		29892C9331552676E5C37B13 /* RunProjectPage.swift in Sources */ = {isa = PBXBuildFile; fileRef = 1A719BC1DA1DED430456617C /* RunProjectPage.swift */; };
		407151CEAE112FB543D55C39 /* NestedA11yIDs in Frameworks */ = {isa = PBXBuildFile; productRef = F851495D305FEE48287F7820 /* NestedA11yIDs */; };
		84954D4B6DF1645106932A76 /* RunProjectModel.swift in Sources */ = {isa = PBXBuildFile; fileRef = B22F62809B0A593AB4F32853 /* RunProjectModel.swift */; };
		F7D55E420D3CBBECF175F30C /* XcodeMiniApp.swift in Sources */ = {isa = PBXBuildFile; fileRef = EC1D2EE43013EB11B21B5608 /* XcodeMiniApp.swift */; };
		FB90F15040282EC04FF50A1E /* ProjectContainer.swift in Sources */ = {isa = PBXBuildFile; fileRef = 6B235CC7FF82E2EDCA9BD1AF /* ProjectContainer.swift */; };
/* End PBXBuildFile section */

/* Begin PBXFileReference section */
		1A719BC1DA1DED430456617C /* RunProjectPage.swift */ = {isa = PBXFileReference; lastKnownFileType = sourcecode.swift; path = RunProjectPage.swift; sourceTree = "<group>"; };
		6B235CC7FF82E2EDCA9BD1AF /* ProjectContainer.swift */ = {isa = PBXFileReference; lastKnownFileType = sourcecode.swift; path = ProjectContainer.swift; sourceTree = "<group>"; };
		6C6551876187402FC9FAE244 /* XcodeMCPClient.swift */ = {isa = PBXFileReference; lastKnownFileType = sourcecode.swift; path = XcodeMCPClient.swift; sourceTree = "<group>"; };
		7B38E01624709212E86038F4 /* XcodeMCPServicing.swift */ = {isa = PBXFileReference; lastKnownFileType = sourcecode.swift; path = XcodeMCPServicing.swift; sourceTree = "<group>"; };
		B22F62809B0A593AB4F32853 /* RunProjectModel.swift */ = {isa = PBXFileReference; lastKnownFileType = sourcecode.swift; path = RunProjectModel.swift; sourceTree = "<group>"; };
		CB3A510BDFDAFFD611E9B125 /* AppIcon.icon */ = {isa = PBXFileReference; lastKnownFileType = wrapper.icon; path = AppIcon.icon; sourceTree = "<group>"; };
		E08A6CBD9D92EFF246596AFE /* XcodeProject.swift */ = {isa = PBXFileReference; lastKnownFileType = sourcecode.swift; path = XcodeProject.swift; sourceTree = "<group>"; };
		EC1D2EE43013EB11B21B5608 /* XcodeMiniApp.swift */ = {isa = PBXFileReference; lastKnownFileType = sourcecode.swift; path = XcodeMiniApp.swift; sourceTree = "<group>"; };
		ED27D5C7C382005F7718BF1A /* XcodeMini.app */ = {isa = PBXFileReference; explicitFileType = wrapper.application; includeInIndex = 0; path = XcodeMini.app; sourceTree = BUILT_PRODUCTS_DIR; };
/* End PBXFileReference section */

/* Begin PBXFrameworksBuildPhase section */
		C197DBAE11568CCB8D44FD23 /* Frameworks */ = {
			isa = PBXFrameworksBuildPhase;
			buildActionMask = 2147483647;
			files = (
				407151CEAE112FB543D55C39 /* NestedA11yIDs in Frameworks */,
			);
			runOnlyForDeploymentPostprocessing = 0;
		};
/* End PBXFrameworksBuildPhase section */

/* Begin PBXGroup section */
		0320ADA720F4462778FB56B2 /* xcode-project */ = {
			isa = PBXGroup;
			children = (
				2E3AD9E7C082FED2BAA61036 /* model */,
			);
			path = "xcode-project";
			sourceTree = "<group>";
		};
		117208350A3A356C7A3FC215 /* ui */ = {
			isa = PBXGroup;
			children = (
				1A719BC1DA1DED430456617C /* RunProjectPage.swift */,
			);
			path = ui;
			sourceTree = "<group>";
		};
		2E3AD9E7C082FED2BAA61036 /* model */ = {
			isa = PBXGroup;
			children = (
				6B235CC7FF82E2EDCA9BD1AF /* ProjectContainer.swift */,
				E08A6CBD9D92EFF246596AFE /* XcodeProject.swift */,
			);
			path = model;
			sourceTree = "<group>";
		};
		35C6847AEF84772EEB7CB89E /* api */ = {
			isa = PBXGroup;
			children = (
				CB2B61A3FE239D116C7FC557 /* xcode-mcp */,
			);
			path = api;
			sourceTree = "<group>";
		};
		472928268EDB6F3E55ED0A4A /* model */ = {
			isa = PBXGroup;
			children = (
				B22F62809B0A593AB4F32853 /* RunProjectModel.swift */,
			);
			path = model;
			sourceTree = "<group>";
		};
		4D84E13F64344E5C495E8A96 /* shared */ = {
			isa = PBXGroup;
			children = (
				35C6847AEF84772EEB7CB89E /* api */,
			);
			path = shared;
			sourceTree = "<group>";
		};
		569AFC807528C1D46396BCE5 /* run-project */ = {
			isa = PBXGroup;
			children = (
				472928268EDB6F3E55ED0A4A /* model */,
			);
			path = "run-project";
			sourceTree = "<group>";
		};
		6205FD6A9CB98DCE31D26875 /* entities */ = {
			isa = PBXGroup;
			children = (
				0320ADA720F4462778FB56B2 /* xcode-project */,
			);
			path = entities;
			sourceTree = "<group>";
		};
		72D18EFBABDCED8612DE7A6A /* run-project */ = {
			isa = PBXGroup;
			children = (
				117208350A3A356C7A3FC215 /* ui */,
			);
			path = "run-project";
			sourceTree = "<group>";
		};
		873E7EADD85AFB8C7B03F23D /* Sources */ = {
			isa = PBXGroup;
			children = (
				A860691347B4FCD02DF1D6DA /* App */,
			);
			path = Sources;
			sourceTree = "<group>";
		};
		8EEEB234A744BD4D444C5D52 /* pages */ = {
			isa = PBXGroup;
			children = (
				72D18EFBABDCED8612DE7A6A /* run-project */,
			);
			path = pages;
			sourceTree = "<group>";
		};
		9065CCC3D6A0BCF70B50047D /* app */ = {
			isa = PBXGroup;
			children = (
				FC1009CC5A233D34FFF3B045 /* entrypoint */,
			);
			path = app;
			sourceTree = "<group>";
		};
		A860691347B4FCD02DF1D6DA /* App */ = {
			isa = PBXGroup;
			children = (
				9065CCC3D6A0BCF70B50047D /* app */,
				6205FD6A9CB98DCE31D26875 /* entities */,
				D498535E16A6C5DF9CD20654 /* features */,
				8EEEB234A744BD4D444C5D52 /* pages */,
				4D84E13F64344E5C495E8A96 /* shared */,
			);
			path = App;
			sourceTree = "<group>";
		};
		B59FE10BD2FA21C8B9ABA186 = {
			isa = PBXGroup;
			children = (
				C745E39037243706B62724E0 /* Assets */,
				873E7EADD85AFB8C7B03F23D /* Sources */,
				EB0B1E3257649AF53D2103EF /* Products */,
			);
			sourceTree = "<group>";
		};
		C745E39037243706B62724E0 /* Assets */ = {
			isa = PBXGroup;
			children = (
				CB3A510BDFDAFFD611E9B125 /* AppIcon.icon */,
			);
			path = Assets;
			sourceTree = "<group>";
		};
		CB2B61A3FE239D116C7FC557 /* xcode-mcp */ = {
			isa = PBXGroup;
			children = (
				6C6551876187402FC9FAE244 /* XcodeMCPClient.swift */,
				7B38E01624709212E86038F4 /* XcodeMCPServicing.swift */,
			);
			path = "xcode-mcp";
			sourceTree = "<group>";
		};
		D498535E16A6C5DF9CD20654 /* features */ = {
			isa = PBXGroup;
			children = (
				569AFC807528C1D46396BCE5 /* run-project */,
			);
			path = features;
			sourceTree = "<group>";
		};
		EB0B1E3257649AF53D2103EF /* Products */ = {
			isa = PBXGroup;
			children = (
				ED27D5C7C382005F7718BF1A /* XcodeMini.app */,
			);
			name = Products;
			sourceTree = "<group>";
		};
		FC1009CC5A233D34FFF3B045 /* entrypoint */ = {
			isa = PBXGroup;
			children = (
				EC1D2EE43013EB11B21B5608 /* XcodeMiniApp.swift */,
			);
			path = entrypoint;
			sourceTree = "<group>";
		};
/* End PBXGroup section */

/* Begin PBXNativeTarget section */
		8415D27F7D5501E626D29903 /* XcodeMini */ = {
			isa = PBXNativeTarget;
			buildConfigurationList = FAA733E9EA1B0555C0BFBD6C /* Build configuration list for PBXNativeTarget "XcodeMini" */;
			buildPhases = (
				D74F1CB3EAF7F69B603812A0 /* Sources */,
				A4F578D978698681FC477138 /* Resources */,
				C197DBAE11568CCB8D44FD23 /* Frameworks */,
			);
			buildRules = (
			);
			dependencies = (
			);
			name = XcodeMini;
			packageProductDependencies = (
				F851495D305FEE48287F7820 /* NestedA11yIDs */,
			);
			productName = XcodeMini;
			productReference = ED27D5C7C382005F7718BF1A /* XcodeMini.app */;
			productType = "com.apple.product-type.application";
		};
/* End PBXNativeTarget section */

/* Begin PBXProject section */
		3D630A1F3BAE31E451D3D9DD /* Project object */ = {
			isa = PBXProject;
			attributes = {
				BuildIndependentTargetsInParallel = YES;
				LastUpgradeCheck = 1430;
				TargetAttributes = {
					8415D27F7D5501E626D29903 = {
						DevelopmentTeam = P8T2366K8X;
					};
				};
			};
			buildConfigurationList = CB668C4F819D356B99D4C1F0 /* Build configuration list for PBXProject "XcodeMini" */;
			developmentRegion = en;
			hasScannedForEncodings = 0;
			knownRegions = (
				Base,
				en,
			);
			mainGroup = B59FE10BD2FA21C8B9ABA186;
			minimizedProjectReferenceProxies = 1;
			packageReferences = (
				BB2ABF9BEC0A08E620DEB408 /* XCRemoteSwiftPackageReference "NestedA11yIDs" */,
			);
			preferredProjectObjectVersion = 77;
			productRefGroup = EB0B1E3257649AF53D2103EF /* Products */;
			projectDirPath = "";
			projectRoot = "";
			targets = (
				8415D27F7D5501E626D29903 /* XcodeMini */,
			);
		};
/* End PBXProject section */

/* Begin PBXResourcesBuildPhase section */
		A4F578D978698681FC477138 /* Resources */ = {
			isa = PBXResourcesBuildPhase;
			buildActionMask = 2147483647;
			files = (
				04B4E78C06B1EF285A0AB031 /* AppIcon.icon in Resources */,
			);
			runOnlyForDeploymentPostprocessing = 0;
		};
/* End PBXResourcesBuildPhase section */

/* Begin PBXSourcesBuildPhase section */
		D74F1CB3EAF7F69B603812A0 /* Sources */ = {
			isa = PBXSourcesBuildPhase;
			buildActionMask = 2147483647;
			files = (
				FB90F15040282EC04FF50A1E /* ProjectContainer.swift in Sources */,
				84954D4B6DF1645106932A76 /* RunProjectModel.swift in Sources */,
				29892C9331552676E5C37B13 /* RunProjectPage.swift in Sources */,
				1AC09304629F5DEF9F0C75F0 /* XcodeMCPClient.swift in Sources */,
				0EB68F764A04F4242932FFF5 /* XcodeMCPServicing.swift in Sources */,
				F7D55E420D3CBBECF175F30C /* XcodeMiniApp.swift in Sources */,
				1DD5D2A1E1E1E6558EE72DDA /* XcodeProject.swift in Sources */,
			);
			runOnlyForDeploymentPostprocessing = 0;
		};
/* End PBXSourcesBuildPhase section */

/* Begin XCBuildConfiguration section */
		12CD9234334D0D0E363F9680 /* Debug */ = {
			isa = XCBuildConfiguration;
			buildSettings = {
				ASSETCATALOG_COMPILER_APPICON_NAME = AppIcon;
				CODE_SIGNING_ALLOWED = NO;
				COMBINE_HIDPI_IMAGES = YES;
				LD_RUNPATH_SEARCH_PATHS = (
					"$(inherited)",
					"@executable_path/../Frameworks",
				);
				SDKROOT = macosx;
			};
			name = Debug;
		};
		569079ECAC67266DCD560E2F /* Release */ = {
			isa = XCBuildConfiguration;
			buildSettings = {
				ALWAYS_SEARCH_USER_PATHS = NO;
				CLANG_ANALYZER_NONNULL = YES;
				CLANG_ANALYZER_NUMBER_OBJECT_CONVERSION = YES_AGGRESSIVE;
				CLANG_CXX_LANGUAGE_STANDARD = "gnu++14";
				CLANG_CXX_LIBRARY = "libc++";
				CLANG_ENABLE_MODULES = YES;
				CLANG_ENABLE_OBJC_ARC = YES;
				CLANG_ENABLE_OBJC_WEAK = YES;
				CLANG_WARN_BLOCK_CAPTURE_AUTORELEASING = YES;
				CLANG_WARN_BOOL_CONVERSION = YES;
				CLANG_WARN_COMMA = YES;
				CLANG_WARN_CONSTANT_CONVERSION = YES;
				CLANG_WARN_DEPRECATED_OBJC_IMPLEMENTATIONS = YES;
				CLANG_WARN_DIRECT_OBJC_ISA_USAGE = YES_ERROR;
				CLANG_WARN_DOCUMENTATION_COMMENTS = YES;
				CLANG_WARN_EMPTY_BODY = YES;
				CLANG_WARN_ENUM_CONVERSION = YES;
				CLANG_WARN_INFINITE_RECURSION = YES;
				CLANG_WARN_INT_CONVERSION = YES;
				CLANG_WARN_NON_LITERAL_NULL_CONVERSION = YES;
				CLANG_WARN_OBJC_IMPLICIT_RETAIN_SELF = YES;
				CLANG_WARN_OBJC_LITERAL_CONVERSION = YES;
				CLANG_WARN_OBJC_ROOT_CLASS = YES_ERROR;
				CLANG_WARN_QUOTED_INCLUDE_IN_FRAMEWORK_HEADER = YES;
				CLANG_WARN_RANGE_LOOP_ANALYSIS = YES;
				CLANG_WARN_STRICT_PROTOTYPES = YES;
				CLANG_WARN_SUSPICIOUS_MOVE = YES;
				CLANG_WARN_UNGUARDED_AVAILABILITY = YES_AGGRESSIVE;
				CLANG_WARN_UNREACHABLE_CODE = YES;
				CLANG_WARN__DUPLICATE_METHOD_MATCH = YES;
				COPY_PHASE_STRIP = NO;
				CURRENT_PROJECT_VERSION = 3;
				DEBUG_INFORMATION_FORMAT = "dwarf-with-dsym";
				DEVELOPMENT_TEAM = P8T2366K8X;
				ENABLE_NS_ASSERTIONS = NO;
				ENABLE_STRICT_OBJC_MSGSEND = YES;
				GCC_C_LANGUAGE_STANDARD = gnu11;
				GCC_NO_COMMON_BLOCKS = YES;
				GCC_WARN_64_TO_32_BIT_CONVERSION = YES;
				GCC_WARN_ABOUT_RETURN_TYPE = YES_ERROR;
				GCC_WARN_UNDECLARED_SELECTOR = YES;
				GCC_WARN_UNINITIALIZED_AUTOS = YES_AGGRESSIVE;
				GCC_WARN_UNUSED_FUNCTION = YES;
				GCC_WARN_UNUSED_VARIABLE = YES;
				GENERATE_INFOPLIST_FILE = YES;
				INFOPLIST_KEY_CFBundleDisplayName = "Xcode Mini";
				INFOPLIST_KEY_LSApplicationCategoryType = "public.app-category.developer-tools";
				MACOSX_DEPLOYMENT_TARGET = 15.0;
				MARKETING_VERSION = 0.1.1;
				MTL_ENABLE_DEBUG_INFO = NO;
				MTL_FAST_MATH = YES;
				PRODUCT_BUNDLE_IDENTIFIER = ru.egormerkushev.xcodemini;
				PRODUCT_NAME = "Xcode Mini";
				SDKROOT = macosx;
				SWIFT_COMPILATION_MODE = wholemodule;
				SWIFT_OPTIMIZATION_LEVEL = "-O";
				SWIFT_VERSION = 6.0;
			};
			name = Release;
		};
		A4AF25ADA7019C0E24B6F50C /* Release */ = {
			isa = XCBuildConfiguration;
			buildSettings = {
				ASSETCATALOG_COMPILER_APPICON_NAME = AppIcon;
				CODE_SIGNING_ALLOWED = YES;
				CODE_SIGN_IDENTITY = "Developer ID Application";
				CODE_SIGN_STYLE = Manual;
				COMBINE_HIDPI_IMAGES = YES;
				ENABLE_HARDENED_RUNTIME = YES;
				LD_RUNPATH_SEARCH_PATHS = (
					"$(inherited)",
					"@executable_path/../Frameworks",
				);
				SDKROOT = macosx;
			};
			name = Release;
		};
		D9057DB399DD8C76111206B2 /* Debug */ = {
			isa = XCBuildConfiguration;
			buildSettings = {
				ALWAYS_SEARCH_USER_PATHS = NO;
				CLANG_ANALYZER_NONNULL = YES;
				CLANG_ANALYZER_NUMBER_OBJECT_CONVERSION = YES_AGGRESSIVE;
				CLANG_CXX_LANGUAGE_STANDARD = "gnu++14";
				CLANG_CXX_LIBRARY = "libc++";
				CLANG_ENABLE_MODULES = YES;
				CLANG_ENABLE_OBJC_ARC = YES;
				CLANG_ENABLE_OBJC_WEAK = YES;
				CLANG_WARN_BLOCK_CAPTURE_AUTORELEASING = YES;
				CLANG_WARN_BOOL_CONVERSION = YES;
				CLANG_WARN_COMMA = YES;
				CLANG_WARN_CONSTANT_CONVERSION = YES;
				CLANG_WARN_DEPRECATED_OBJC_IMPLEMENTATIONS = YES;
				CLANG_WARN_DIRECT_OBJC_ISA_USAGE = YES_ERROR;
				CLANG_WARN_DOCUMENTATION_COMMENTS = YES;
				CLANG_WARN_EMPTY_BODY = YES;
				CLANG_WARN_ENUM_CONVERSION = YES;
				CLANG_WARN_INFINITE_RECURSION = YES;
				CLANG_WARN_INT_CONVERSION = YES;
				CLANG_WARN_NON_LITERAL_NULL_CONVERSION = YES;
				CLANG_WARN_OBJC_IMPLICIT_RETAIN_SELF = YES;
				CLANG_WARN_OBJC_LITERAL_CONVERSION = YES;
				CLANG_WARN_OBJC_ROOT_CLASS = YES_ERROR;
				CLANG_WARN_QUOTED_INCLUDE_IN_FRAMEWORK_HEADER = YES;
				CLANG_WARN_RANGE_LOOP_ANALYSIS = YES;
				CLANG_WARN_STRICT_PROTOTYPES = YES;
				CLANG_WARN_SUSPICIOUS_MOVE = YES;
				CLANG_WARN_UNGUARDED_AVAILABILITY = YES_AGGRESSIVE;
				CLANG_WARN_UNREACHABLE_CODE = YES;
				CLANG_WARN__DUPLICATE_METHOD_MATCH = YES;
				COPY_PHASE_STRIP = NO;
				CURRENT_PROJECT_VERSION = 3;
				DEBUG_INFORMATION_FORMAT = dwarf;
				DEVELOPMENT_TEAM = P8T2366K8X;
				ENABLE_STRICT_OBJC_MSGSEND = YES;
				ENABLE_TESTABILITY = YES;
				GCC_C_LANGUAGE_STANDARD = gnu11;
				GCC_DYNAMIC_NO_PIC = NO;
				GCC_NO_COMMON_BLOCKS = YES;
				GCC_OPTIMIZATION_LEVEL = 0;
				GCC_PREPROCESSOR_DEFINITIONS = (
					"$(inherited)",
					"DEBUG=1",
				);
				GCC_WARN_64_TO_32_BIT_CONVERSION = YES;
				GCC_WARN_ABOUT_RETURN_TYPE = YES_ERROR;
				GCC_WARN_UNDECLARED_SELECTOR = YES;
				GCC_WARN_UNINITIALIZED_AUTOS = YES_AGGRESSIVE;
				GCC_WARN_UNUSED_FUNCTION = YES;
				GCC_WARN_UNUSED_VARIABLE = YES;
				GENERATE_INFOPLIST_FILE = YES;
				INFOPLIST_KEY_CFBundleDisplayName = "Xcode Mini";
				INFOPLIST_KEY_LSApplicationCategoryType = "public.app-category.developer-tools";
				MACOSX_DEPLOYMENT_TARGET = 15.0;
				MARKETING_VERSION = 0.1.1;
				MTL_ENABLE_DEBUG_INFO = INCLUDE_SOURCE;
				MTL_FAST_MATH = YES;
				ONLY_ACTIVE_ARCH = YES;
				PRODUCT_BUNDLE_IDENTIFIER = ru.egormerkushev.xcodemini;
				PRODUCT_NAME = "Xcode Mini";
				SDKROOT = macosx;
				SWIFT_ACTIVE_COMPILATION_CONDITIONS = DEBUG;
				SWIFT_OPTIMIZATION_LEVEL = "-Onone";
				SWIFT_VERSION = 6.0;
			};
			name = Debug;
		};
/* End XCBuildConfiguration section */

/* Begin XCConfigurationList section */
		CB668C4F819D356B99D4C1F0 /* Build configuration list for PBXProject "XcodeMini" */ = {
			isa = XCConfigurationList;
			buildConfigurations = (
				D9057DB399DD8C76111206B2 /* Debug */,
				569079ECAC67266DCD560E2F /* Release */,
			);
			defaultConfigurationIsVisible = 0;
			defaultConfigurationName = Debug;
		};
		FAA733E9EA1B0555C0BFBD6C /* Build configuration list for PBXNativeTarget "XcodeMini" */ = {
			isa = XCConfigurationList;
			buildConfigurations = (
				12CD9234334D0D0E363F9680 /* Debug */,
				A4AF25ADA7019C0E24B6F50C /* Release */,
			);
			defaultConfigurationIsVisible = 0;
			defaultConfigurationName = Debug;
		};
/* End XCConfigurationList section */

/* Begin XCRemoteSwiftPackageReference section */
		BB2ABF9BEC0A08E620DEB408 /* XCRemoteSwiftPackageReference "NestedA11yIDs" */ = {
			isa = XCRemoteSwiftPackageReference;
			repositoryURL = "https://github.com/SoundBlaster/NestedA11yIDs.git";
			requirement = {
				kind = upToNextMajorVersion;
				minimumVersion = 1.0.0;
			};
		};
/* End XCRemoteSwiftPackageReference section */

/* Begin XCSwiftPackageProductDependency section */
		F851495D305FEE48287F7820 /* NestedA11yIDs */ = {
			isa = XCSwiftPackageProductDependency;
			package = BB2ABF9BEC0A08E620DEB408 /* XCRemoteSwiftPackageReference "NestedA11yIDs" */;
			productName = NestedA11yIDs;
		};
/* End XCSwiftPackageProductDependency section */
	};
	rootObject = 3D630A1F3BAE31E451D3D9DD /* Project object */;
}
