// !$*UTF8*$!
{
	archiveVersion = 1;
	classes = {
	};
	objectVersion = 77;
	objects = {

/* Begin PBXBuildFile section */
		08695D2DE9EA363D421104B5 /* XcodeMCPServicing.swift in Sources */ = {isa = PBXBuildFile; fileRef = 382F02C2D79572937A6DB688 /* XcodeMCPServicing.swift */; };
		44BA17180EE54A7EC23E2ED9 /* NestedA11yIDs in Frameworks */ = {isa = PBXBuildFile; productRef = F1CF5E0EB8F684FF72D95BB2 /* NestedA11yIDs */; };
		458AD2FC5B4EC909F69985C4 /* AppIcon.icon in Resources */ = {isa = PBXBuildFile; fileRef = 2DE140C724FAE125E8E63C22 /* AppIcon.icon */; };
		4F9EAF28A54B8974A51FD866 /* XcodeProject.swift in Sources */ = {isa = PBXBuildFile; fileRef = FFE2D17AE5ADA4675E3F6B92 /* XcodeProject.swift */; };
		68CAF5A0460371B86D23FD9C /* XcodeMiniApp.swift in Sources */ = {isa = PBXBuildFile; fileRef = 70F35FB8354620ED83910184 /* XcodeMiniApp.swift */; };
		AECB03C0639EF6C117EF6EDB /* RunProjectPage.swift in Sources */ = {isa = PBXBuildFile; fileRef = 1FC9163B5DCC360AA0795E40 /* RunProjectPage.swift */; };
		D79FBCF0F3D799C8A031D751 /* ProjectContainer.swift in Sources */ = {isa = PBXBuildFile; fileRef = E83573A24A5969775A0926FC /* ProjectContainer.swift */; };
		E5FCE66A54A15E45C2012B4F /* XcodeMCPClient.swift in Sources */ = {isa = PBXBuildFile; fileRef = A9D2A029631A1D25FB58D637 /* XcodeMCPClient.swift */; };
		F6DC842DEA8A581331CA7BAB /* RunProjectModel.swift in Sources */ = {isa = PBXBuildFile; fileRef = 02BC71CA2068AC12D371AD49 /* RunProjectModel.swift */; };
/* End PBXBuildFile section */

/* Begin PBXFileReference section */
		02BC71CA2068AC12D371AD49 /* RunProjectModel.swift */ = {isa = PBXFileReference; lastKnownFileType = sourcecode.swift; path = RunProjectModel.swift; sourceTree = "<group>"; };
		1FC9163B5DCC360AA0795E40 /* RunProjectPage.swift */ = {isa = PBXFileReference; lastKnownFileType = sourcecode.swift; path = RunProjectPage.swift; sourceTree = "<group>"; };
		2DE140C724FAE125E8E63C22 /* AppIcon.icon */ = {isa = PBXFileReference; lastKnownFileType = wrapper.icon; path = AppIcon.icon; sourceTree = "<group>"; };
		382F02C2D79572937A6DB688 /* XcodeMCPServicing.swift */ = {isa = PBXFileReference; lastKnownFileType = sourcecode.swift; path = XcodeMCPServicing.swift; sourceTree = "<group>"; };
		70F35FB8354620ED83910184 /* XcodeMiniApp.swift */ = {isa = PBXFileReference; lastKnownFileType = sourcecode.swift; path = XcodeMiniApp.swift; sourceTree = "<group>"; };
		90C45F3D62639775308381BF /* Xcode mini.app */ = {isa = PBXFileReference; explicitFileType = wrapper.application; includeInIndex = 0; path = "Xcode mini.app"; sourceTree = BUILT_PRODUCTS_DIR; };
		A9D2A029631A1D25FB58D637 /* XcodeMCPClient.swift */ = {isa = PBXFileReference; lastKnownFileType = sourcecode.swift; path = XcodeMCPClient.swift; sourceTree = "<group>"; };
		E83573A24A5969775A0926FC /* ProjectContainer.swift */ = {isa = PBXFileReference; lastKnownFileType = sourcecode.swift; path = ProjectContainer.swift; sourceTree = "<group>"; };
		FFE2D17AE5ADA4675E3F6B92 /* XcodeProject.swift */ = {isa = PBXFileReference; lastKnownFileType = sourcecode.swift; path = XcodeProject.swift; sourceTree = "<group>"; };
/* End PBXFileReference section */

/* Begin PBXFrameworksBuildPhase section */
		76FC1EC24A574D930D2EAF74 /* Frameworks */ = {
			isa = PBXFrameworksBuildPhase;
			buildActionMask = 2147483647;
			files = (
				44BA17180EE54A7EC23E2ED9 /* NestedA11yIDs in Frameworks */,
			);
			runOnlyForDeploymentPostprocessing = 0;
		};
/* End PBXFrameworksBuildPhase section */

/* Begin PBXGroup section */
		12289994C46188C0577FCED0 /* Sources */ = {
			isa = PBXGroup;
			children = (
				BA481779EC286CFDA2B085FD /* App */,
			);
			path = Sources;
			sourceTree = "<group>";
		};
		16E7360391670E48C9744489 /* shared */ = {
			isa = PBXGroup;
			children = (
				C6BFFAE7290127F0AF4849AC /* api */,
			);
			path = shared;
			sourceTree = "<group>";
		};
		1DB3DD72D483CB21522B4B16 /* pages */ = {
			isa = PBXGroup;
			children = (
				E2098CFFBCF5CC2E973B446F /* run-project */,
			);
			path = pages;
			sourceTree = "<group>";
		};
		1F459A99846BBAFFD50EFDC7 /* xcode-project */ = {
			isa = PBXGroup;
			children = (
				76CB13E765F4DE0175E07AB4 /* model */,
			);
			path = "xcode-project";
			sourceTree = "<group>";
		};
		26C98AF706A40312437B92CC /* entities */ = {
			isa = PBXGroup;
			children = (
				1F459A99846BBAFFD50EFDC7 /* xcode-project */,
			);
			path = entities;
			sourceTree = "<group>";
		};
		2FB456A9299064FBA75EDCAA = {
			isa = PBXGroup;
			children = (
				5582D0701123530104D109C1 /* Assets */,
				12289994C46188C0577FCED0 /* Sources */,
				930FE0F6FDC9BA6652F27026 /* Products */,
			);
			sourceTree = "<group>";
		};
		5582D0701123530104D109C1 /* Assets */ = {
			isa = PBXGroup;
			children = (
				2DE140C724FAE125E8E63C22 /* AppIcon.icon */,
			);
			path = Assets;
			sourceTree = "<group>";
		};
		6A05AF3EDC8029FE88DDE1E2 /* entrypoint */ = {
			isa = PBXGroup;
			children = (
				70F35FB8354620ED83910184 /* XcodeMiniApp.swift */,
			);
			path = entrypoint;
			sourceTree = "<group>";
		};
		75150EB16EC6CA070D42C4ED /* app */ = {
			isa = PBXGroup;
			children = (
				6A05AF3EDC8029FE88DDE1E2 /* entrypoint */,
			);
			path = app;
			sourceTree = "<group>";
		};
		76CB13E765F4DE0175E07AB4 /* model */ = {
			isa = PBXGroup;
			children = (
				E83573A24A5969775A0926FC /* ProjectContainer.swift */,
				FFE2D17AE5ADA4675E3F6B92 /* XcodeProject.swift */,
			);
			path = model;
			sourceTree = "<group>";
		};
		930FE0F6FDC9BA6652F27026 /* Products */ = {
			isa = PBXGroup;
			children = (
				90C45F3D62639775308381BF /* Xcode mini.app */,
			);
			name = Products;
			sourceTree = "<group>";
		};
		9CA62FDC543F79F2DC642571 /* ui */ = {
			isa = PBXGroup;
			children = (
				1FC9163B5DCC360AA0795E40 /* RunProjectPage.swift */,
			);
			path = ui;
			sourceTree = "<group>";
		};
		B2EF8A021BDAD9788CDF505C /* model */ = {
			isa = PBXGroup;
			children = (
				02BC71CA2068AC12D371AD49 /* RunProjectModel.swift */,
			);
			path = model;
			sourceTree = "<group>";
		};
		BA481779EC286CFDA2B085FD /* App */ = {
			isa = PBXGroup;
			children = (
				75150EB16EC6CA070D42C4ED /* app */,
				26C98AF706A40312437B92CC /* entities */,
				BB54AD830A611AE0E93FAD9B /* features */,
				1DB3DD72D483CB21522B4B16 /* pages */,
				16E7360391670E48C9744489 /* shared */,
			);
			path = App;
			sourceTree = "<group>";
		};
		BB54AD830A611AE0E93FAD9B /* features */ = {
			isa = PBXGroup;
			children = (
				BE6577C880FF4E7F97D5BE86 /* run-project */,
			);
			path = features;
			sourceTree = "<group>";
		};
		BE6577C880FF4E7F97D5BE86 /* run-project */ = {
			isa = PBXGroup;
			children = (
				B2EF8A021BDAD9788CDF505C /* model */,
			);
			path = "run-project";
			sourceTree = "<group>";
		};
		C6BFFAE7290127F0AF4849AC /* api */ = {
			isa = PBXGroup;
			children = (
				D2625230B852B1109AD2BB7F /* xcode-mcp */,
			);
			path = api;
			sourceTree = "<group>";
		};
		D2625230B852B1109AD2BB7F /* xcode-mcp */ = {
			isa = PBXGroup;
			children = (
				A9D2A029631A1D25FB58D637 /* XcodeMCPClient.swift */,
				382F02C2D79572937A6DB688 /* XcodeMCPServicing.swift */,
			);
			path = "xcode-mcp";
			sourceTree = "<group>";
		};
		E2098CFFBCF5CC2E973B446F /* run-project */ = {
			isa = PBXGroup;
			children = (
				9CA62FDC543F79F2DC642571 /* ui */,
			);
			path = "run-project";
			sourceTree = "<group>";
		};
/* End PBXGroup section */

/* Begin PBXNativeTarget section */
		42863B70F58B1B3C66AF5DE0 /* Xcode mini */ = {
			isa = PBXNativeTarget;
			buildConfigurationList = 0F3DEF21E701D552CA368644 /* Build configuration list for PBXNativeTarget "Xcode mini" */;
			buildPhases = (
				2C2D4D1E4B5231BAAB0B373C /* Sources */,
				83CAFB3FE65A01CFB076513C /* Resources */,
				76FC1EC24A574D930D2EAF74 /* Frameworks */,
			);
			buildRules = (
			);
			dependencies = (
			);
			name = "Xcode mini";
			packageProductDependencies = (
				F1CF5E0EB8F684FF72D95BB2 /* NestedA11yIDs */,
			);
			productName = "Xcode mini";
			productReference = 90C45F3D62639775308381BF /* Xcode mini.app */;
			productType = "com.apple.product-type.application";
		};
/* End PBXNativeTarget section */

/* Begin PBXProject section */
		429FBAA1E588E1C692892F64 /* Project object */ = {
			isa = PBXProject;
			attributes = {
				BuildIndependentTargetsInParallel = YES;
				LastUpgradeCheck = 2700;
				TargetAttributes = {
					42863B70F58B1B3C66AF5DE0 = {
						DevelopmentTeam = P8T2366K8X;
					};
				};
			};
			buildConfigurationList = 89F5FCF4A26C263160732C1A /* Build configuration list for PBXProject "Xcode mini" */;
			developmentRegion = en;
			hasScannedForEncodings = 0;
			knownRegions = (
				Base,
				en,
			);
			mainGroup = 2FB456A9299064FBA75EDCAA;
			minimizedProjectReferenceProxies = 1;
			packageReferences = (
				AA9A9FD0DB0F7D84C94AE65D /* XCRemoteSwiftPackageReference "NestedA11yIDs" */,
			);
			preferredProjectObjectVersion = 77;
			productRefGroup = 930FE0F6FDC9BA6652F27026 /* Products */;
			projectDirPath = "";
			projectRoot = "";
			targets = (
				42863B70F58B1B3C66AF5DE0 /* Xcode mini */,
			);
		};
/* End PBXProject section */

/* Begin PBXResourcesBuildPhase section */
		83CAFB3FE65A01CFB076513C /* Resources */ = {
			isa = PBXResourcesBuildPhase;
			buildActionMask = 2147483647;
			files = (
				458AD2FC5B4EC909F69985C4 /* AppIcon.icon in Resources */,
			);
			runOnlyForDeploymentPostprocessing = 0;
		};
/* End PBXResourcesBuildPhase section */

/* Begin PBXSourcesBuildPhase section */
		2C2D4D1E4B5231BAAB0B373C /* Sources */ = {
			isa = PBXSourcesBuildPhase;
			buildActionMask = 2147483647;
			files = (
				D79FBCF0F3D799C8A031D751 /* ProjectContainer.swift in Sources */,
				F6DC842DEA8A581331CA7BAB /* RunProjectModel.swift in Sources */,
				AECB03C0639EF6C117EF6EDB /* RunProjectPage.swift in Sources */,
				E5FCE66A54A15E45C2012B4F /* XcodeMCPClient.swift in Sources */,
				08695D2DE9EA363D421104B5 /* XcodeMCPServicing.swift in Sources */,
				68CAF5A0460371B86D23FD9C /* XcodeMiniApp.swift in Sources */,
				4F9EAF28A54B8974A51FD866 /* XcodeProject.swift in Sources */,
			);
			runOnlyForDeploymentPostprocessing = 0;
		};
/* End PBXSourcesBuildPhase section */

/* Begin XCBuildConfiguration section */
		0AF7ECB00872DDBE49D4EDB7 /* Release */ = {
			isa = XCBuildConfiguration;
			buildSettings = {
				ALWAYS_SEARCH_USER_PATHS = NO;
				CLANG_ANALYZER_NONNULL = YES;
				CLANG_ANALYZER_NUMBER_OBJECT_CONVERSION = YES_AGGRESSIVE;
				CLANG_CXX_LANGUAGE_STANDARD = "gnu++14";
				CLANG_CXX_LIBRARY = "libc++";
				CLANG_ENABLE_MODULES = YES;
				CLANG_ENABLE_OBJC_ARC = YES;
				CLANG_ENABLE_OBJC_WEAK = YES;
				CLANG_WARN_BLOCK_CAPTURE_AUTORELEASING = YES;
				CLANG_WARN_BOOL_CONVERSION = YES;
				CLANG_WARN_COMMA = YES;
				CLANG_WARN_CONSTANT_CONVERSION = YES;
				CLANG_WARN_DEPRECATED_OBJC_IMPLEMENTATIONS = YES;
				CLANG_WARN_DIRECT_OBJC_ISA_USAGE = YES_ERROR;
				CLANG_WARN_DOCUMENTATION_COMMENTS = YES;
				CLANG_WARN_EMPTY_BODY = YES;
				CLANG_WARN_ENUM_CONVERSION = YES;
				CLANG_WARN_INFINITE_RECURSION = YES;
				CLANG_WARN_INT_CONVERSION = YES;
				CLANG_WARN_NON_LITERAL_NULL_CONVERSION = YES;
				CLANG_WARN_OBJC_IMPLICIT_RETAIN_SELF = YES;
				CLANG_WARN_OBJC_LITERAL_CONVERSION = YES;
				CLANG_WARN_OBJC_ROOT_CLASS = YES_ERROR;
				CLANG_WARN_QUOTED_INCLUDE_IN_FRAMEWORK_HEADER = YES;
				CLANG_WARN_RANGE_LOOP_ANALYSIS = YES;
				CLANG_WARN_STRICT_PROTOTYPES = YES;
				CLANG_WARN_SUSPICIOUS_MOVE = YES;
				CLANG_WARN_UNGUARDED_AVAILABILITY = YES_AGGRESSIVE;
				CLANG_WARN_UNREACHABLE_CODE = YES;
				CLANG_WARN__DUPLICATE_METHOD_MATCH = YES;
				COPY_PHASE_STRIP = NO;
				CURRENT_PROJECT_VERSION = 3;
				DEAD_CODE_STRIPPING = YES;
				DEBUG_INFORMATION_FORMAT = "dwarf-with-dsym";
				DEVELOPMENT_TEAM = P8T2366K8X;
				ENABLE_NS_ASSERTIONS = NO;
				ENABLE_STRICT_OBJC_MSGSEND = YES;
				ENABLE_USER_SCRIPT_SANDBOXING = YES;
				GCC_C_LANGUAGE_STANDARD = gnu11;
				GCC_NO_COMMON_BLOCKS = YES;
				GCC_WARN_64_TO_32_BIT_CONVERSION = YES;
				GCC_WARN_ABOUT_RETURN_TYPE = YES_ERROR;
				GCC_WARN_UNDECLARED_SELECTOR = YES;
				GCC_WARN_UNINITIALIZED_AUTOS = YES_AGGRESSIVE;
				GCC_WARN_UNUSED_FUNCTION = YES;
				GCC_WARN_UNUSED_VARIABLE = YES;
				GENERATE_INFOPLIST_FILE = YES;
				INFOPLIST_KEY_CFBundleDisplayName = "Xcode mini";
				INFOPLIST_KEY_LSApplicationCategoryType = "public.app-category.developer-tools";
				MACOSX_DEPLOYMENT_TARGET = 15.0;
				MARKETING_VERSION = 0.1.1;
				MTL_ENABLE_DEBUG_INFO = NO;
				MTL_FAST_MATH = YES;
				PRODUCT_BUNDLE_IDENTIFIER = ru.egormerkushev.xcodemini;
				PRODUCT_NAME = "Xcode mini";
				SDKROOT = macosx;
				STRING_CATALOG_GENERATE_SYMBOLS = YES;
				SWIFT_COMPILATION_MODE = wholemodule;
				SWIFT_OPTIMIZATION_LEVEL = "-O";
				SWIFT_VERSION = 6.0;
			};
			name = Release;
		};
		0DA1D9EC84C34C109A600D51 /* Debug */ = {
			isa = XCBuildConfiguration;
			buildSettings = {
				ASSETCATALOG_COMPILER_APPICON_NAME = AppIcon;
				CODE_SIGNING_ALLOWED = NO;
				COMBINE_HIDPI_IMAGES = YES;
				INFOPLIST_KEY_CFBundleDisplayName = "Xcode mini";
				LD_RUNPATH_SEARCH_PATHS = (
					"$(inherited)",
					"@executable_path/../Frameworks",
				);
				PRODUCT_NAME = "Xcode mini";
				SDKROOT = macosx;
			};
			name = Debug;
		};
		E793A5B92E2EDDBC494704FB /* Release */ = {
			isa = XCBuildConfiguration;
			buildSettings = {
				ASSETCATALOG_COMPILER_APPICON_NAME = AppIcon;
				CODE_SIGNING_ALLOWED = YES;
				CODE_SIGN_IDENTITY = "Developer ID Application";
				CODE_SIGN_STYLE = Manual;
				COMBINE_HIDPI_IMAGES = YES;
				ENABLE_HARDENED_RUNTIME = YES;
				INFOPLIST_KEY_CFBundleDisplayName = "Xcode mini";
				LD_RUNPATH_SEARCH_PATHS = (
					"$(inherited)",
					"@executable_path/../Frameworks",
				);
				PRODUCT_NAME = "Xcode mini";
				SDKROOT = macosx;
			};
			name = Release;
		};
		F4703064B39A846ED7C84BCA /* Debug */ = {
			isa = XCBuildConfiguration;
			buildSettings = {
				ALWAYS_SEARCH_USER_PATHS = NO;
				CLANG_ANALYZER_NONNULL = YES;
				CLANG_ANALYZER_NUMBER_OBJECT_CONVERSION = YES_AGGRESSIVE;
				CLANG_CXX_LANGUAGE_STANDARD = "gnu++14";
				CLANG_CXX_LIBRARY = "libc++";
				CLANG_ENABLE_MODULES = YES;
				CLANG_ENABLE_OBJC_ARC = YES;
				CLANG_ENABLE_OBJC_WEAK = YES;
				CLANG_WARN_BLOCK_CAPTURE_AUTORELEASING = YES;
				CLANG_WARN_BOOL_CONVERSION = YES;
				CLANG_WARN_COMMA = YES;
				CLANG_WARN_CONSTANT_CONVERSION = YES;
				CLANG_WARN_DEPRECATED_OBJC_IMPLEMENTATIONS = YES;
				CLANG_WARN_DIRECT_OBJC_ISA_USAGE = YES_ERROR;
				CLANG_WARN_DOCUMENTATION_COMMENTS = YES;
				CLANG_WARN_EMPTY_BODY = YES;
				CLANG_WARN_ENUM_CONVERSION = YES;
				CLANG_WARN_INFINITE_RECURSION = YES;
				CLANG_WARN_INT_CONVERSION = YES;
				CLANG_WARN_NON_LITERAL_NULL_CONVERSION = YES;
				CLANG_WARN_OBJC_IMPLICIT_RETAIN_SELF = YES;
				CLANG_WARN_OBJC_LITERAL_CONVERSION = YES;
				CLANG_WARN_OBJC_ROOT_CLASS = YES_ERROR;
				CLANG_WARN_QUOTED_INCLUDE_IN_FRAMEWORK_HEADER = YES;
				CLANG_WARN_RANGE_LOOP_ANALYSIS = YES;
				CLANG_WARN_STRICT_PROTOTYPES = YES;
				CLANG_WARN_SUSPICIOUS_MOVE = YES;
				CLANG_WARN_UNGUARDED_AVAILABILITY = YES_AGGRESSIVE;
				CLANG_WARN_UNREACHABLE_CODE = YES;
				CLANG_WARN__DUPLICATE_METHOD_MATCH = YES;
				COPY_PHASE_STRIP = NO;
				CURRENT_PROJECT_VERSION = 3;
				DEAD_CODE_STRIPPING = YES;
				DEBUG_INFORMATION_FORMAT = dwarf;
				DEVELOPMENT_TEAM = P8T2366K8X;
				ENABLE_STRICT_OBJC_MSGSEND = YES;
				ENABLE_TESTABILITY = YES;
				ENABLE_USER_SCRIPT_SANDBOXING = YES;
				GCC_C_LANGUAGE_STANDARD = gnu11;
				GCC_DYNAMIC_NO_PIC = NO;
				GCC_NO_COMMON_BLOCKS = YES;
				GCC_OPTIMIZATION_LEVEL = 0;
				GCC_PREPROCESSOR_DEFINITIONS = (
					"$(inherited)",
					"DEBUG=1",
				);
				GCC_WARN_64_TO_32_BIT_CONVERSION = YES;
				GCC_WARN_ABOUT_RETURN_TYPE = YES_ERROR;
				GCC_WARN_UNDECLARED_SELECTOR = YES;
				GCC_WARN_UNINITIALIZED_AUTOS = YES_AGGRESSIVE;
				GCC_WARN_UNUSED_FUNCTION = YES;
				GCC_WARN_UNUSED_VARIABLE = YES;
				GENERATE_INFOPLIST_FILE = YES;
				INFOPLIST_KEY_CFBundleDisplayName = "Xcode mini";
				INFOPLIST_KEY_LSApplicationCategoryType = "public.app-category.developer-tools";
				MACOSX_DEPLOYMENT_TARGET = 15.0;
				MARKETING_VERSION = 0.1.1;
				MTL_ENABLE_DEBUG_INFO = INCLUDE_SOURCE;
				MTL_FAST_MATH = YES;
				ONLY_ACTIVE_ARCH = YES;
				PRODUCT_BUNDLE_IDENTIFIER = ru.egormerkushev.xcodemini;
				PRODUCT_NAME = "Xcode mini";
				SDKROOT = macosx;
				STRING_CATALOG_GENERATE_SYMBOLS = YES;
				SWIFT_ACTIVE_COMPILATION_CONDITIONS = DEBUG;
				SWIFT_OPTIMIZATION_LEVEL = "-Onone";
				SWIFT_VERSION = 6.0;
			};
			name = Debug;
		};
/* End XCBuildConfiguration section */

/* Begin XCConfigurationList section */
		0F3DEF21E701D552CA368644 /* Build configuration list for PBXNativeTarget "Xcode mini" */ = {
			isa = XCConfigurationList;
			buildConfigurations = (
				0DA1D9EC84C34C109A600D51 /* Debug */,
				E793A5B92E2EDDBC494704FB /* Release */,
			);
			defaultConfigurationIsVisible = 0;
			defaultConfigurationName = Debug;
		};
		89F5FCF4A26C263160732C1A /* Build configuration list for PBXProject "Xcode mini" */ = {
			isa = XCConfigurationList;
			buildConfigurations = (
				F4703064B39A846ED7C84BCA /* Debug */,
				0AF7ECB00872DDBE49D4EDB7 /* Release */,
			);
			defaultConfigurationIsVisible = 0;
			defaultConfigurationName = Debug;
		};
/* End XCConfigurationList section */

/* Begin XCRemoteSwiftPackageReference section */
		AA9A9FD0DB0F7D84C94AE65D /* XCRemoteSwiftPackageReference "NestedA11yIDs" */ = {
			isa = XCRemoteSwiftPackageReference;
			repositoryURL = "https://github.com/SoundBlaster/NestedA11yIDs.git";
			requirement = {
				kind = upToNextMajorVersion;
				minimumVersion = 1.0.0;
			};
		};
/* End XCRemoteSwiftPackageReference section */

/* Begin XCSwiftPackageProductDependency section */
		F1CF5E0EB8F684FF72D95BB2 /* NestedA11yIDs */ = {
			isa = XCSwiftPackageProductDependency;
			package = AA9A9FD0DB0F7D84C94AE65D /* XCRemoteSwiftPackageReference "NestedA11yIDs" */;
			productName = NestedA11yIDs;
		};
/* End XCSwiftPackageProductDependency section */
	};
	rootObject = 429FBAA1E588E1C692892F64 /* Project object */;
}
